
Microsoft Visual Studio Solution File, Format Version 12.00
# Visual Studio 15
VisualStudioVersion = 15.0.27130.2010
MinimumVisualStudioVersion = 10.0.40219.1
Project("{E24C65DC-7377-472B-9ABA-BC803B73C61A}") = "JavaCycles", "JavaCycles\", "{143265ED-D977-4077-8FA6-7A6D825B7930}"
	ProjectSection(WebsiteProperties) = preProject
		TargetFrameworkMoniker = ".NETFramework,Version%3Dv4.6.1"
		Debug.AspNetCompiler.VirtualPath = "/localhost_51705"
		Debug.AspNetCompiler.PhysicalPath = "JavaCycles\"
		Debug.AspNetCompiler.TargetPath = "PrecompiledWeb\localhost_51705\"
		Debug.AspNetCompiler.Updateable = "true"
		Debug.AspNetCompiler.ForceOverwrite = "true"
		Debug.AspNetCompiler.FixedNames = "false"
		Debug.AspNetCompiler.Debug = "True"
		Release.AspNetCompiler.VirtualPath = "/localhost_51705"
		Release.AspNetCompiler.PhysicalPath = "JavaCycles\"
		Release.AspNetCompiler.TargetPath = "PrecompiledWeb\localhost_51705\"
		Release.AspNetCompiler.Updateable = "true"
		Release.AspNetCompiler.ForceOverwrite = "true"
		Release.AspNetCompiler.FixedNames = "false"
		Release.AspNetCompiler.Debug = "False"
		VWDPort = "51705"
		SlnRelativePath = "JavaCycles\"
		DefaultWebSiteLanguage = "Visual C#"
	EndProjectSection
EndProject
Global
	GlobalSection(SolutionConfigurationPlatforms) = preSolution
		Debug|Any CPU = Debug|Any CPU
	EndGlobalSection
	GlobalSection(ProjectConfigurationPlatforms) = postSolution
		{143265ED-D977-4077-8FA6-7A6D825B7930}.Debug|Any CPU.ActiveCfg = Debug|Any CPU
		{143265ED-D977-4077-8FA6-7A6D825B7930}.Debug|Any CPU.Build.0 = Debug|Any CPU
	EndGlobalSection
	GlobalSection(SolutionProperties) = preSolution
		HideSolutionNode = FALSE
	EndGlobalSection
	GlobalSection(ExtensibilityGlobals) = postSolution
		SolutionGuid = {00000AB8-5CD0-4F04-A4B1-8E995FAC6701}
	EndGlobalSection
EndGlobal
